
Microsoft Visual Studio Solution File, Format Version 12.00
Project("{FAE04EC0-301F-11D3-BF4B-00C04F79EFBC}") = "ApiGateway", "ApiGateway\ApiGateway.csproj", "{3608C8FB-F5DA-49F4-B17A-62D3CD08DEFC}"
EndProject
Global
	GlobalSection(SolutionConfigurationPlatforms) = preSolution
		Debug|Any CPU = Debug|Any CPU
		Release|Any CPU = Release|Any CPU
	EndGlobalSection
	GlobalSection(ProjectConfigurationPlatforms) = postSolution
		{3608C8FB-F5DA-49F4-B17A-62D3CD08DEFC}.Debug|Any CPU.ActiveCfg = Debug|Any CPU
		{3608C8FB-F5DA-49F4-B17A-62D3CD08DEFC}.Debug|Any CPU.Build.0 = Debug|Any CPU
		{3608C8FB-F5DA-49F4-B17A-62D3CD08DEFC}.Release|Any CPU.ActiveCfg = Release|Any CPU
		{3608C8FB-F5DA-49F4-B17A-62D3CD08DEFC}.Release|Any CPU.Build.0 = Release|Any CPU
	EndGlobalSection
EndGlobal
